// !$*UTF8*$!
{
	archiveVersion = 1;
	classes = {
	};
	objectVersion = 77;
	objects = {

/* Begin PBXContainerItemProxy section */
		73D0567E2CE19F4F00D7BD13 /* PBXContainerItemProxy */ = {
			isa = PBXContainerItemProxy;
			containerPortal = 73D056652CE19F4C00D7BD13 /* Project object */;
			proxyType = 1;
			remoteGlobalIDString = 73D0566C2CE19F4C00D7BD13;
			remoteInfo = finalproj;
		};
		73D056882CE19F4F00D7BD13 /* PBXContainerItemProxy */ = {
			isa = PBXContainerItemProxy;
			containerPortal = 73D056652CE19F4C00D7BD13 /* Project object */;
			proxyType = 1;
			remoteGlobalIDString = 73D0566C2CE19F4C00D7BD13;
			remoteInfo = finalproj;
		};
/* End PBXContainerItemProxy section */

/* Begin PBXFileReference section */
		73D0566D2CE19F4C00D7BD13 /* finalproj.app */ = {isa = PBXFileReference; explicitFileType = wrapper.application; includeInIndex = 0; path = finalproj.app; sourceTree = BUILT_PRODUCTS_DIR; };
		73D0567D2CE19F4F00D7BD13 /* finalprojTests.xctest */ = {isa = PBXFileReference; explicitFileType = wrapper.cfbundle; includeInIndex = 0; path = finalprojTests.xctest; sourceTree = BUILT_PRODUCTS_DIR; };
		73D056872CE19F4F00D7BD13 /* finalprojUITests.xctest */ = {isa = PBXFileReference; explicitFileType = wrapper.cfbundle; includeInIndex = 0; path = finalprojUITests.xctest; sourceTree = BUILT_PRODUCTS_DIR; };
/* End PBXFileReference section */

/* Begin PBXFileSystemSynchronizedRootGroup section */
		73D0566F2CE19F4C00D7BD13 /* finalproj */ = {
			isa = PBXFileSystemSynchronizedRootGroup;
			path = finalproj;
			sourceTree = "<group>";
		};
		73D056802CE19F4F00D7BD13 /* finalprojTests */ = {
			isa = PBXFileSystemSynchronizedRootGroup;
			path = finalprojTests;
			sourceTree = "<group>";
		};
		73D0568A2CE19F4F00D7BD13 /* finalprojUITests */ = {
			isa = PBXFileSystemSynchronizedRootGroup;
			path = finalprojUITests;
			sourceTree = "<group>";
		};
/* End PBXFileSystemSynchronizedRootGroup section */

/* Begin PBXFrameworksBuildPhase section */
		73D0566A2CE19F4C00D7BD13 /* Frameworks */ = {
			isa = PBXFrameworksBuildPhase;
			buildActionMask = 2147483647;
			files = (
			);
			runOnlyForDeploymentPostprocessing = 0;
		};
		73D0567A2CE19F4F00D7BD13 /* Frameworks */ = {
			isa = PBXFrameworksBuildPhase;
			buildActionMask = 2147483647;
			files = (
			);
			runOnlyForDeploymentPostprocessing = 0;
		};
		73D056842CE19F4F00D7BD13 /* Frameworks */ = {
			isa = PBXFrameworksBuildPhase;
			buildActionMask = 2147483647;
			files = (
			);
			runOnlyForDeploymentPostprocessing = 0;
		};
/* End PBXFrameworksBuildPhase section */

/* Begin PBXGroup section */
		73D056642CE19F4C00D7BD13 = {
			isa = PBXGroup;
			children = (
				73D0566F2CE19F4C00D7BD13 /* finalproj */,
				73D056802CE19F4F00D7BD13 /* finalprojTests */,
				73D0568A2CE19F4F00D7BD13 /* finalprojUITests */,
				73D0566E2CE19F4C00D7BD13 /* Products */,
			);
			sourceTree = "<group>";
		};
		73D0566E2CE19F4C00D7BD13 /* Products */ = {
			isa = PBXGroup;
			children = (
				73D0566D2CE19F4C00D7BD13 /* finalproj.app */,
				73D0567D2CE19F4F00D7BD13 /* finalprojTests.xctest */,
				73D056872CE19F4F00D7BD13 /* finalprojUITests.xctest */,
			);
			name = Products;
			sourceTree = "<group>";
		};
/* End PBXGroup section */

/* Begin PBXNativeTarget section */
		73D0566C2CE19F4C00D7BD13 /* finalproj */ = {
			isa = PBXNativeTarget;
			buildConfigurationList = 73D056912CE19F4F00D7BD13 /* Build configuration list for PBXNativeTarget "finalproj" */;
			buildPhases = (
				73D056692CE19F4C00D7BD13 /* Sources */,
				73D0566A2CE19F4C00D7BD13 /* Frameworks */,
				73D0566B2CE19F4C00D7BD13 /* Resources */,
			);
			buildRules = (
			);
			dependencies = (
			);
			fileSystemSynchronizedGroups = (
				73D0566F2CE19F4C00D7BD13 /* finalproj */,
			);
			name = finalproj;
			packageProductDependencies = (
			);
			productName = finalproj;
			productReference = 73D0566D2CE19F4C00D7BD13 /* finalproj.app */;
			productType = "com.apple.product-type.application";
		};
		73D0567C2CE19F4F00D7BD13 /* finalprojTests */ = {
			isa = PBXNativeTarget;
			buildConfigurationList = 73D056942CE19F4F00D7BD13 /* Build configuration list for PBXNativeTarget "finalprojTests" */;
			buildPhases = (
				73D056792CE19F4F00D7BD13 /* Sources */,
				73D0567A2CE19F4F00D7BD13 /* Frameworks */,
				73D0567B2CE19F4F00D7BD13 /* Resources */,
			);
			buildRules = (
			);
			dependencies = (
				73D0567F2CE19F4F00D7BD13 /* PBXTargetDependency */,
			);
			fileSystemSynchronizedGroups = (
				73D056802CE19F4F00D7BD13 /* finalprojTests */,
			);
			name = finalprojTests;
			packageProductDependencies = (
			);
			productName = finalprojTests;
			productReference = 73D0567D2CE19F4F00D7BD13 /* finalprojTests.xctest */;
			productType = "com.apple.product-type.bundle.unit-test";
		};
		73D056862CE19F4F00D7BD13 /* finalprojUITests */ = {
			isa = PBXNativeTarget;
			buildConfigurationList = 73D056972CE19F4F00D7BD13 /* Build configuration list for PBXNativeTarget "finalprojUITests" */;
			buildPhases = (
				73D056832CE19F4F00D7BD13 /* Sources */,
				73D056842CE19F4F00D7BD13 /* Frameworks */,
				73D056852CE19F4F00D7BD13 /* Resources */,
			);
			buildRules = (
			);
			dependencies = (
				73D056892CE19F4F00D7BD13 /* PBXTargetDependency */,
			);
			fileSystemSynchronizedGroups = (
				73D0568A2CE19F4F00D7BD13 /* finalprojUITests */,
			);
			name = finalprojUITests;
			packageProductDependencies = (
			);
			productName = finalprojUITests;
			productReference = 73D056872CE19F4F00D7BD13 /* finalprojUITests.xctest */;
			productType = "com.apple.product-type.bundle.ui-testing";
		};
/* End PBXNativeTarget section */

/* Begin PBXProject section */
		73D056652CE19F4C00D7BD13 /* Project object */ = {
			isa = PBXProject;
			attributes = {
				BuildIndependentTargetsInParallel = 1;
				LastSwiftUpdateCheck = 1610;
				LastUpgradeCheck = 1610;
				TargetAttributes = {
					73D0566C2CE19F4C00D7BD13 = {
						CreatedOnToolsVersion = 16.1;
					};
					73D0567C2CE19F4F00D7BD13 = {
						CreatedOnToolsVersion = 16.1;
						TestTargetID = 73D0566C2CE19F4C00D7BD13;
					};
					73D056862CE19F4F00D7BD13 = {
						CreatedOnToolsVersion = 16.1;
						TestTargetID = 73D0566C2CE19F4C00D7BD13;
					};
				};
			};
			buildConfigurationList = 73D056682CE19F4C00D7BD13 /* Build configuration list for PBXProject "finalproj" */;
			developmentRegion = en;
			hasScannedForEncodings = 0;
			knownRegions = (
				en,
				Base,
			);
			mainGroup = 73D056642CE19F4C00D7BD13;
			minimizedProjectReferenceProxies = 1;
			preferredProjectObjectVersion = 77;
			productRefGroup = 73D0566E2CE19F4C00D7BD13 /* Products */;
			projectDirPath = "";
			projectRoot = "";
			targets = (
				73D0566C2CE19F4C00D7BD13 /* finalproj */,
				73D0567C2CE19F4F00D7BD13 /* finalprojTests */,
				73D056862CE19F4F00D7BD13 /* finalprojUITests */,
			);
		};
/* End PBXProject section */

/* Begin PBXResourcesBuildPhase section */
		73D0566B2CE19F4C00D7BD13 /* Resources */ = {
			isa = PBXResourcesBuildPhase;
			buildActionMask = 2147483647;
			files = (
			);
			runOnlyForDeploymentPostprocessing = 0;
		};
		73D0567B2CE19F4F00D7BD13 /* Resources */ = {
			isa = PBXResourcesBuildPhase;
			buildActionMask = 2147483647;
			files = (
			);
			runOnlyForDeploymentPostprocessing = 0;
		};
		73D056852CE19F4F00D7BD13 /* Resources */ = {
			isa = PBXResourcesBuildPhase;
			buildActionMask = 2147483647;
			files = (
			);
			runOnlyForDeploymentPostprocessing = 0;
		};
/* End PBXResourcesBuildPhase section */

/* Begin PBXSourcesBuildPhase section */
		73D056692CE19F4C00D7BD13 /* Sources */ = {
			isa = PBXSourcesBuildPhase;
			buildActionMask = 2147483647;
			files = (
			);
			runOnlyForDeploymentPostprocessing = 0;
		};
		73D056792CE19F4F00D7BD13 /* Sources */ = {
			isa = PBXSourcesBuildPhase;
			buildActionMask = 2147483647;
			files = (
			);
			runOnlyForDeploymentPostprocessing = 0;
		};
		73D056832CE19F4F00D7BD13 /* Sources */ = {
			isa = PBXSourcesBuildPhase;
			buildActionMask = 2147483647;
			files = (
			);
			runOnlyForDeploymentPostprocessing = 0;
		};
/* End PBXSourcesBuildPhase section */

/* Begin PBXTargetDependency section */
		73D0567F2CE19F4F00D7BD13 /* PBXTargetDependency */ = {
			isa = PBXTargetDependency;
			target = 73D0566C2CE19F4C00D7BD13 /* finalproj */;
			targetProxy = 73D0567E2CE19F4F00D7BD13 /* PBXContainerItemProxy */;
		};
		73D056892CE19F4F00D7BD13 /* PBXTargetDependency */ = {
			isa = PBXTargetDependency;
			target = 73D0566C2CE19F4C00D7BD13 /* finalproj */;
			targetProxy = 73D056882CE19F4F00D7BD13 /* PBXContainerItemProxy */;
		};
/* End PBXTargetDependency section */

/* Begin XCBuildConfiguration section */
		73D0568F2CE19F4F00D7BD13 /* Debug */ = {
			isa = XCBuildConfiguration;
			buildSettings = {
				ALWAYS_SEARCH_USER_PATHS = NO;
				ASSETCATALOG_COMPILER_GENERATE_SWIFT_ASSET_SYMBOL_EXTENSIONS = YES;
				CLANG_ANALYZER_NONNULL = YES;
				CLANG_ANALYZER_NUMBER_OBJECT_CONVERSION = YES_AGGRESSIVE;
				CLANG_CXX_LANGUAGE_STANDARD = "gnu++20";
				CLANG_ENABLE_MODULES = YES;
				CLANG_ENABLE_OBJC_ARC = YES;
				CLANG_ENABLE_OBJC_WEAK = YES;
				CLANG_WARN_BLOCK_CAPTURE_AUTORELEASING = YES;
				CLANG_WARN_BOOL_CONVERSION = YES;
				CLANG_WARN_COMMA = YES;
				CLANG_WARN_CONSTANT_CONVERSION = YES;
				CLANG_WARN_DEPRECATED_OBJC_IMPLEMENTATIONS = YES;
				CLANG_WARN_DIRECT_OBJC_ISA_USAGE = YES_ERROR;
				CLANG_WARN_DOCUMENTATION_COMMENTS = YES;
				CLANG_WARN_EMPTY_BODY = YES;
				CLANG_WARN_ENUM_CONVERSION = YES;
				CLANG_WARN_INFINITE_RECURSION = YES;
				CLANG_WARN_INT_CONVERSION = YES;
				CLANG_WARN_NON_LITERAL_NULL_CONVERSION = YES;
				CLANG_WARN_OBJC_IMPLICIT_RETAIN_SELF = YES;
				CLANG_WARN_OBJC_LITERAL_CONVERSION = YES;
				CLANG_WARN_OBJC_ROOT_CLASS = YES_ERROR;
				CLANG_WARN_QUOTED_INCLUDE_IN_FRAMEWORK_HEADER = YES;
				CLANG_WARN_RANGE_LOOP_ANALYSIS = YES;
				CLANG_WARN_STRICT_PROTOTYPES = YES;
				CLANG_WARN_SUSPICIOUS_MOVE = YES;
				CLANG_WARN_UNGUARDED_AVAILABILITY = YES_AGGRESSIVE;
				CLANG_WARN_UNREACHABLE_CODE = YES;
				CLANG_WARN__DUPLICATE_METHOD_MATCH = YES;
				COPY_PHASE_STRIP = NO;
				DEBUG_INFORMATION_FORMAT = dwarf;
				ENABLE_STRICT_OBJC_MSGSEND = YES;
				ENABLE_TESTABILITY = YES;
				ENABLE_USER_SCRIPT_SANDBOXING = YES;
				GCC_C_LANGUAGE_STANDARD = gnu17;
				GCC_DYNAMIC_NO_PIC = NO;
				GCC_NO_COMMON_BLOCKS = YES;
				GCC_OPTIMIZATION_LEVEL = 0;
				GCC_PREPROCESSOR_DEFINITIONS = (
					"DEBUG=1",
					"$(inherited)",
				);
				GCC_WARN_64_TO_32_BIT_CONVERSION = YES;
				GCC_WARN_ABOUT_RETURN_TYPE = YES_ERROR;
				GCC_WARN_UNDECLARED_SELECTOR = YES;
				GCC_WARN_UNINITIALIZED_AUTOS = YES_AGGRESSIVE;
				GCC_WARN_UNUSED_FUNCTION = YES;
				GCC_WARN_UNUSED_VARIABLE = YES;
				IPHONEOS_DEPLOYMENT_TARGET = 18.1;
				LOCALIZATION_PREFERS_STRING_CATALOGS = YES;
				MTL_ENABLE_DEBUG_INFO = INCLUDE_SOURCE;
				MTL_FAST_MATH = YES;
				ONLY_ACTIVE_ARCH = YES;
				SDKROOT = iphoneos;
				SWIFT_ACTIVE_COMPILATION_CONDITIONS = "DEBUG $(inherited)";
				SWIFT_OPTIMIZATION_LEVEL = "-Onone";
			};
			name = Debug;
		};
		73D056902CE19F4F00D7BD13 /* Release */ = {
			isa = XCBuildConfiguration;
			buildSettings = {
				ALWAYS_SEARCH_USER_PATHS = NO;
				ASSETCATALOG_COMPILER_GENERATE_SWIFT_ASSET_SYMBOL_EXTENSIONS = YES;
				CLANG_ANALYZER_NONNULL = YES;
				CLANG_ANALYZER_NUMBER_OBJECT_CONVERSION = YES_AGGRESSIVE;
				CLANG_CXX_LANGUAGE_STANDARD = "gnu++20";
				CLANG_ENABLE_MODULES = YES;
				CLANG_ENABLE_OBJC_ARC = YES;
				CLANG_ENABLE_OBJC_WEAK = YES;
				CLANG_WARN_BLOCK_CAPTURE_AUTORELEASING = YES;
				CLANG_WARN_BOOL_CONVERSION = YES;
				CLANG_WARN_COMMA = YES;
				CLANG_WARN_CONSTANT_CONVERSION = YES;
				CLANG_WARN_DEPRECATED_OBJC_IMPLEMENTATIONS = YES;
				CLANG_WARN_DIRECT_OBJC_ISA_USAGE = YES_ERROR;
				CLANG_WARN_DOCUMENTATION_COMMENTS = YES;
				CLANG_WARN_EMPTY_BODY = YES;
				CLANG_WARN_ENUM_CONVERSION = YES;
				CLANG_WARN_INFINITE_RECURSION = YES;
				CLANG_WARN_INT_CONVERSION = YES;
				CLANG_WARN_NON_LITERAL_NULL_CONVERSION = YES;
				CLANG_WARN_OBJC_IMPLICIT_RETAIN_SELF = YES;
				CLANG_WARN_OBJC_LITERAL_CONVERSION = YES;
				CLANG_WARN_OBJC_ROOT_CLASS = YES_ERROR;
				CLANG_WARN_QUOTED_INCLUDE_IN_FRAMEWORK_HEADER = YES;
				CLANG_WARN_RANGE_LOOP_ANALYSIS = YES;
				CLANG_WARN_STRICT_PROTOTYPES = YES;
				CLANG_WARN_SUSPICIOUS_MOVE = YES;
				CLANG_WARN_UNGUARDED_AVAILABILITY = YES_AGGRESSIVE;
				CLANG_WARN_UNREACHABLE_CODE = YES;
				CLANG_WARN__DUPLICATE_METHOD_MATCH = YES;
				COPY_PHASE_STRIP = NO;
				DEBUG_INFORMATION_FORMAT = "dwarf-with-dsym";
				ENABLE_NS_ASSERTIONS = NO;
				ENABLE_STRICT_OBJC_MSGSEND = YES;
				ENABLE_USER_SCRIPT_SANDBOXING = YES;
				GCC_C_LANGUAGE_STANDARD = gnu17;
				GCC_NO_COMMON_BLOCKS = YES;
				GCC_WARN_64_TO_32_BIT_CONVERSION = YES;
				GCC_WARN_ABOUT_RETURN_TYPE = YES_ERROR;
				GCC_WARN_UNDECLARED_SELECTOR = YES;
				GCC_WARN_UNINITIALIZED_AUTOS = YES_AGGRESSIVE;
				GCC_WARN_UNUSED_FUNCTION = YES;
				GCC_WARN_UNUSED_VARIABLE = YES;
				IPHONEOS_DEPLOYMENT_TARGET = 18.1;
				LOCALIZATION_PREFERS_STRING_CATALOGS = YES;
				MTL_ENABLE_DEBUG_INFO = NO;
				MTL_FAST_MATH = YES;
				SDKROOT = iphoneos;
				SWIFT_COMPILATION_MODE = wholemodule;
				VALIDATE_PRODUCT = YES;
			};
			name = Release;
		};
		73D056922CE19F4F00D7BD13 /* Debug */ = {
			isa = XCBuildConfiguration;
			buildSettings = {
				ASSETCATALOG_COMPILER_APPICON_NAME = AppIcon;
				ASSETCATALOG_COMPILER_GLOBAL_ACCENT_COLOR_NAME = AccentColor;
				CODE_SIGN_STYLE = Automatic;
				CURRENT_PROJECT_VERSION = 1;
				DEVELOPMENT_ASSET_PATHS = "\"finalproj/Preview Content\"";
				ENABLE_PREVIEWS = YES;
				GENERATE_INFOPLIST_FILE = YES;
				INFOPLIST_KEY_UIApplicationSceneManifest_Generation = YES;
				INFOPLIST_KEY_UIApplicationSupportsIndirectInputEvents = YES;
				INFOPLIST_KEY_UILaunchScreen_Generation = YES;
				INFOPLIST_KEY_UISupportedInterfaceOrientations_iPad = "UIInterfaceOrientationPortrait UIInterfaceOrientationPortraitUpsideDown UIInterfaceOrientationLandscapeLeft UIInterfaceOrientationLandscapeRight";
				INFOPLIST_KEY_UISupportedInterfaceOrientations_iPhone = "UIInterfaceOrientationPortrait UIInterfaceOrientationLandscapeLeft UIInterfaceOrientationLandscapeRight";
				LD_RUNPATH_SEARCH_PATHS = (
					"$(inherited)",
					"@executable_path/Frameworks",
				);
				MARKETING_VERSION = 1.0;
				PRODUCT_BUNDLE_IDENTIFIER = tk.sg.finalproj;
				PRODUCT_NAME = "$(TARGET_NAME)";
				SWIFT_EMIT_LOC_STRINGS = YES;
				SWIFT_VERSION = 5.0;
				TARGETED_DEVICE_FAMILY = "1,2";
			};
			name = Debug;
		};
		73D056932CE19F4F00D7BD13 /* Release */ = {
			isa = XCBuildConfiguration;
			buildSettings = {
				ASSETCATALOG_COMPILER_APPICON_NAME = AppIcon;
				ASSETCATALOG_COMPILER_GLOBAL_ACCENT_COLOR_NAME = AccentColor;
				CODE_SIGN_STYLE = Automatic;
				CURRENT_PROJECT_VERSION = 1;
				DEVELOPMENT_ASSET_PATHS = "\"finalproj/Preview Content\"";
				ENABLE_PREVIEWS = YES;
				GENERATE_INFOPLIST_FILE = YES;
				INFOPLIST_KEY_UIApplicationSceneManifest_Generation = YES;
				INFOPLIST_KEY_UIApplicationSupportsIndirectInputEvents = YES;
				INFOPLIST_KEY_UILaunchScreen_Generation = YES;
				INFOPLIST_KEY_UISupportedInterfaceOrientations_iPad = "UIInterfaceOrientationPortrait UIInterfaceOrientationPortraitUpsideDown UIInterfaceOrientationLandscapeLeft UIInterfaceOrientationLandscapeRight";
				INFOPLIST_KEY_UISupportedInterfaceOrientations_iPhone = "UIInterfaceOrientationPortrait UIInterfaceOrientationLandscapeLeft UIInterfaceOrientationLandscapeRight";
				LD_RUNPATH_SEARCH_PATHS = (
					"$(inherited)",
					"@executable_path/Frameworks",
				);
				MARKETING_VERSION = 1.0;
				PRODUCT_BUNDLE_IDENTIFIER = tk.sg.finalproj;
				PRODUCT_NAME = "$(TARGET_NAME)";
				SWIFT_EMIT_LOC_STRINGS = YES;
				SWIFT_VERSION = 5.0;
				TARGETED_DEVICE_FAMILY = "1,2";
			};
			name = Release;
		};
		73D056952CE19F4F00D7BD13 /* Debug */ = {
			isa = XCBuildConfiguration;
			buildSettings = {
				BUNDLE_LOADER = "$(TEST_HOST)";
				CODE_SIGN_STYLE = Automatic;
				CURRENT_PROJECT_VERSION = 1;
				GENERATE_INFOPLIST_FILE = YES;
				IPHONEOS_DEPLOYMENT_TARGET = 18.1;
				MARKETING_VERSION = 1.0;
				PRODUCT_BUNDLE_IDENTIFIER = tk.sg.finalprojTests;
				PRODUCT_NAME = "$(TARGET_NAME)";
				SWIFT_EMIT_LOC_STRINGS = NO;
				SWIFT_VERSION = 5.0;
				TARGETED_DEVICE_FAMILY = "1,2";
				TEST_HOST = "$(BUILT_PRODUCTS_DIR)/finalproj.app/$(BUNDLE_EXECUTABLE_FOLDER_PATH)/finalproj";
			};
			name = Debug;
		};
		73D056962CE19F4F00D7BD13 /* Release */ = {
			isa = XCBuildConfiguration;
			buildSettings = {
				BUNDLE_LOADER = "$(TEST_HOST)";
				CODE_SIGN_STYLE = Automatic;
				CURRENT_PROJECT_VERSION = 1;
				GENERATE_INFOPLIST_FILE = YES;
				IPHONEOS_DEPLOYMENT_TARGET = 18.1;
				MARKETING_VERSION = 1.0;
				PRODUCT_BUNDLE_IDENTIFIER = tk.sg.finalprojTests;
				PRODUCT_NAME = "$(TARGET_NAME)";
				SWIFT_EMIT_LOC_STRINGS = NO;
				SWIFT_VERSION = 5.0;
				TARGETED_DEVICE_FAMILY = "1,2";
				TEST_HOST = "$(BUILT_PRODUCTS_DIR)/finalproj.app/$(BUNDLE_EXECUTABLE_FOLDER_PATH)/finalproj";
			};
			name = Release;
		};
		73D056982CE19F4F00D7BD13 /* Debug */ = {
			isa = XCBuildConfiguration;
			buildSettings = {
				CODE_SIGN_STYLE = Automatic;
				CURRENT_PROJECT_VERSION = 1;
				GENERATE_INFOPLIST_FILE = YES;
				MARKETING_VERSION = 1.0;
				PRODUCT_BUNDLE_IDENTIFIER = tk.sg.finalprojUITests;
				PRODUCT_NAME = "$(TARGET_NAME)";
				SWIFT_EMIT_LOC_STRINGS = NO;
				SWIFT_VERSION = 5.0;
				TARGETED_DEVICE_FAMILY = "1,2";
				TEST_TARGET_NAME = finalproj;
			};
			name = Debug;
		};
		73D056992CE19F4F00D7BD13 /* Release */ = {
			isa = XCBuildConfiguration;
			buildSettings = {
				CODE_SIGN_STYLE = Automatic;
				CURRENT_PROJECT_VERSION = 1;
				GENERATE_INFOPLIST_FILE = YES;
				MARKETING_VERSION = 1.0;
				PRODUCT_BUNDLE_IDENTIFIER = tk.sg.finalprojUITests;
				PRODUCT_NAME = "$(TARGET_NAME)";
				SWIFT_EMIT_LOC_STRINGS = NO;
				SWIFT_VERSION = 5.0;
				TARGETED_DEVICE_FAMILY = "1,2";
				TEST_TARGET_NAME = finalproj;
			};
			name = Release;
		};
/* End XCBuildConfiguration section */

/* Begin XCConfigurationList section */
		73D056682CE19F4C00D7BD13 /* Build configuration list for PBXProject "finalproj" */ = {
			isa = XCConfigurationList;
			buildConfigurations = (
				73D0568F2CE19F4F00D7BD13 /* Debug */,
				73D056902CE19F4F00D7BD13 /* Release */,
			);
			defaultConfigurationIsVisible = 0;
			defaultConfigurationName = Release;
		};
		73D056912CE19F4F00D7BD13 /* Build configuration list for PBXNativeTarget "finalproj" */ = {
			isa = XCConfigurationList;
			buildConfigurations = (
				73D056922CE19F4F00D7BD13 /* Debug */,
				73D056932CE19F4F00D7BD13 /* Release */,
			);
			defaultConfigurationIsVisible = 0;
			defaultConfigurationName = Release;
		};
		73D056942CE19F4F00D7BD13 /* Build configuration list for PBXNativeTarget "finalprojTests" */ = {
			isa = XCConfigurationList;
			buildConfigurations = (
				73D056952CE19F4F00D7BD13 /* Debug */,
				73D056962CE19F4F00D7BD13 /* Release */,
			);
			defaultConfigurationIsVisible = 0;
			defaultConfigurationName = Release;
		};
		73D056972CE19F4F00D7BD13 /* Build configuration list for PBXNativeTarget "finalprojUITests" */ = {
			isa = XCConfigurationList;
			buildConfigurations = (
				73D056982CE19F4F00D7BD13 /* Debug */,
				73D056992CE19F4F00D7BD13 /* Release */,
			);
			defaultConfigurationIsVisible = 0;
			defaultConfigurationName = Release;
		};
/* End XCConfigurationList section */
	};
	rootObject = 73D056652CE19F4C00D7BD13 /* Project object */;
}
